// !$*UTF8*$!
{
	archiveVersion = 1;
	classes = {
	};
	objectVersion = 46;
	objects = {

/* Begin PBXBuildFile section */
		18E0098B1E28C46700ED2E04 /* main.m in Sources */ = {isa = PBXBuildFile; fileRef = 18E0098A1E28C46700ED2E04 /* main.m */; };
		18E0098E1E28C46700ED2E04 /* AppDelegate.m in Sources */ = {isa = PBXBuildFile; fileRef = 18E0098D1E28C46700ED2E04 /* AppDelegate.m */; };
		18E009911E28C46700ED2E04 /* ViewController.m in Sources */ = {isa = PBXBuildFile; fileRef = 18E009901E28C46700ED2E04 /* ViewController.m */; };
		18E009941E28C46700ED2E04 /* Main.storyboard in Resources */ = {isa = PBXBuildFile; fileRef = 18E009921E28C46700ED2E04 /* Main.storyboard */; };
		18E009961E28C46700ED2E04 /* Assets.xcassets in Resources */ = {isa = PBXBuildFile; fileRef = 18E009951E28C46700ED2E04 /* Assets.xcassets */; };
		18E009991E28C46700ED2E04 /* LaunchScreen.storyboard in Resources */ = {isa = PBXBuildFile; fileRef = 18E009971E28C46700ED2E04 /* LaunchScreen.storyboard */; };
/* End PBXBuildFile section */

/* Begin PBXFileReference section */
		18E009861E28C46700ED2E04 /* CLZB.app */ = {isa = PBXFileReference; explicitFileType = wrapper.application; includeInIndex = 0; path = CLZB.app; sourceTree = BUILT_PRODUCTS_DIR; };
		18E0098A1E28C46700ED2E04 /* main.m */ = {isa = PBXFileReference; lastKnownFileType = sourcecode.c.objc; path = main.m; sourceTree = "<group>"; };
		18E0098C1E28C46700ED2E04 /* AppDelegate.h */ = {isa = PBXFileReference; lastKnownFileType = sourcecode.c.h; path = AppDelegate.h; sourceTree = "<group>"; };
		18E0098D1E28C46700ED2E04 /* AppDelegate.m */ = {isa = PBXFileReference; lastKnownFileType = sourcecode.c.objc; path = AppDelegate.m; sourceTree = "<group>"; };
		18E0098F1E28C46700ED2E04 /* ViewController.h */ = {isa = PBXFileReference; lastKnownFileType = sourcecode.c.h; path = ViewController.h; sourceTree = "<group>"; };
		18E009901E28C46700ED2E04 /* ViewController.m */ = {isa = PBXFileReference; lastKnownFileType = sourcecode.c.objc; path = ViewController.m; sourceTree = "<group>"; };
		18E009931E28C46700ED2E04 /* Base */ = {isa = PBXFileReference; lastKnownFileType = file.storyboard; name = Base; path = Base.lproj/Main.storyboard; sourceTree = "<group>"; };
		18E009951E28C46700ED2E04 /* Assets.xcassets */ = {isa = PBXFileReference; lastKnownFileType = folder.assetcatalog; path = Assets.xcassets; sourceTree = "<group>"; };
		18E009981E28C46700ED2E04 /* Base */ = {isa = PBXFileReference; lastKnownFileType = file.storyboard; name = Base; path = Base.lproj/LaunchScreen.storyboard; sourceTree = "<group>"; };
		18E0099A1E28C46700ED2E04 /* Info.plist */ = {isa = PBXFileReference; lastKnownFileType = text.plist.xml; path = Info.plist; sourceTree = "<group>"; };
/* End PBXFileReference section */

/* Begin PBXFrameworksBuildPhase section */
		18E009831E28C46600ED2E04 /* Frameworks */ = {
			isa = PBXFrameworksBuildPhase;
			buildActionMask = 2147483647;
			files = (
			);
			runOnlyForDeploymentPostprocessing = 0;
		};
/* End PBXFrameworksBuildPhase section */

/* Begin PBXGroup section */
		18E0097D1E28C46600ED2E04 = {
			isa = PBXGroup;
			children = (
				18E009881E28C46700ED2E04 /* CLZB */,
				18E009871E28C46700ED2E04 /* Products */,
			);
			sourceTree = "<group>";
		};
		18E009871E28C46700ED2E04 /* Products */ = {
			isa = PBXGroup;
			children = (
				18E009861E28C46700ED2E04 /* CLZB.app */,
			);
			name = Products;
			sourceTree = "<group>";
		};
		18E009881E28C46700ED2E04 /* CLZB */ = {
			isa = PBXGroup;
			children = (
				18E0098C1E28C46700ED2E04 /* AppDelegate.h */,
				18E0098D1E28C46700ED2E04 /* AppDelegate.m */,
				18E0098F1E28C46700ED2E04 /* ViewController.h */,
				18E009901E28C46700ED2E04 /* ViewController.m */,
				18E009921E28C46700ED2E04 /* Main.storyboard */,
				18E009951E28C46700ED2E04 /* Assets.xcassets */,
				18E009971E28C46700ED2E04 /* LaunchScreen.storyboard */,
				18E0099A1E28C46700ED2E04 /* Info.plist */,
				18E009891E28C46700ED2E04 /* Supporting Files */,
			);
			path = CLZB;
			sourceTree = "<group>";
		};
		18E009891E28C46700ED2E04 /* Supporting Files */ = {
			isa = PBXGroup;
			children = (
				18E0098A1E28C46700ED2E04 /* main.m */,
			);
			name = "Supporting Files";
			sourceTree = "<group>";
		};
/* End PBXGroup section */

/* Begin PBXNativeTarget section */
		18E009851E28C46600ED2E04 /* CLZB */ = {
			isa = PBXNativeTarget;
			buildConfigurationList = 18E0099D1E28C46700ED2E04 /* Build configuration list for PBXNativeTarget "CLZB" */;
			buildPhases = (
				18E009821E28C46600ED2E04 /* Sources */,
				18E009831E28C46600ED2E04 /* Frameworks */,
				18E009841E28C46600ED2E04 /* Resources */,
			);
			buildRules = (
			);
			dependencies = (
			);
			name = CLZB;
			productName = CLZB;
			productReference = 18E009861E28C46700ED2E04 /* CLZB.app */;
			productType = "com.apple.product-type.application";
		};
/* End PBXNativeTarget section */

/* Begin PBXProject section */
		18E0097E1E28C46600ED2E04 /* Project object */ = {
			isa = PBXProject;
			attributes = {
				LastUpgradeCheck = 0810;
				ORGANIZATIONNAME = "刘朝龙";
				TargetAttributes = {
					18E009851E28C46600ED2E04 = {
						CreatedOnToolsVersion = 8.1;
						DevelopmentTeam = KXPSJM648Q;
						ProvisioningStyle = Automatic;
					};
				};
			};
			buildConfigurationList = 18E009811E28C46600ED2E04 /* Build configuration list for PBXProject "CLZB" */;
			compatibilityVersion = "Xcode 3.2";
			developmentRegion = English;
			hasScannedForEncodings = 0;
			knownRegions = (
				en,
				Base,
			);
			mainGroup = 18E0097D1E28C46600ED2E04;
			productRefGroup = 18E009871E28C46700ED2E04 /* Products */;
			projectDirPath = "";
			projectRoot = "";
			targets = (
				18E009851E28C46600ED2E04 /* CLZB */,
			);
		};
/* End PBXProject section */

/* Begin PBXResourcesBuildPhase section */
		18E009841E28C46600ED2E04 /* Resources */ = {
			isa = PBXResourcesBuildPhase;
			buildActionMask = 2147483647;
			files = (
				18E009991E28C46700ED2E04 /* LaunchScreen.storyboard in Resources */,
				18E009961E28C46700ED2E04 /* Assets.xcassets in Resources */,
				18E009941E28C46700ED2E04 /* Main.storyboard in Resources */,
			);
			runOnlyForDeploymentPostprocessing = 0;
		};
/* End PBXResourcesBuildPhase section */

/* Begin PBXSourcesBuildPhase section */
		18E009821E28C46600ED2E04 /* Sources */ = {
			isa = PBXSourcesBuildPhase;
			buildActionMask = 2147483647;
			files = (
				18E009911E28C46700ED2E04 /* ViewController.m in Sources */,
				18E0098E1E28C46700ED2E04 /* AppDelegate.m in Sources */,
				18E0098B1E28C46700ED2E04 /* main.m in Sources */,
			);
			runOnlyForDeploymentPostprocessing = 0;
		};
/* End PBXSourcesBuildPhase section */

/* Begin PBXVariantGroup section */
		18E009921E28C46700ED2E04 /* Main.storyboard */ = {
			isa = PBXVariantGroup;
			children = (
				18E009931E28C46700ED2E04 /* Base */,
			);
			name = Main.storyboard;
			sourceTree = "<group>";
		};
		18E009971E28C46700ED2E04 /* LaunchScreen.storyboard */ = {
			isa = PBXVariantGroup;
			children = (
				18E009981E28C46700ED2E04 /* Base */,
			);
			name = LaunchScreen.storyboard;
			sourceTree = "<group>";
		};
/* End PBXVariantGroup section */

/* Begin XCBuildConfiguration section */
		18E0099B1E28C46700ED2E04 /* Debug */ = {
			isa = XCBuildConfiguration;
			buildSettings = {
				ALWAYS_SEARCH_USER_PATHS = NO;
				CLANG_ANALYZER_NONNULL = YES;
				CLANG_CXX_LANGUAGE_STANDARD = "gnu++0x";
				CLANG_CXX_LIBRARY = "libc++";
				CLANG_ENABLE_MODULES = YES;
				CLANG_ENABLE_OBJC_ARC = YES;
				CLANG_WARN_BOOL_CONVERSION = YES;
				CLANG_WARN_CONSTANT_CONVERSION = YES;
				CLANG_WARN_DIRECT_OBJC_ISA_USAGE = YES_ERROR;
				CLANG_WARN_DOCUMENTATION_COMMENTS = YES;
				CLANG_WARN_EMPTY_BODY = YES;
				CLANG_WARN_ENUM_CONVERSION = YES;
				CLANG_WARN_INFINITE_RECURSION = YES;
				CLANG_WARN_INT_CONVERSION = YES;
				CLANG_WARN_OBJC_ROOT_CLASS = YES_ERROR;
				CLANG_WARN_SUSPICIOUS_MOVES = YES;
				CLANG_WARN_UNREACHABLE_CODE = YES;
				CLANG_WARN__DUPLICATE_METHOD_MATCH = YES;
				"CODE_SIGN_IDENTITY[sdk=iphoneos*]" = "iPhone Developer";
				COPY_PHASE_STRIP = NO;
				DEBUG_INFORMATION_FORMAT = dwarf;
				ENABLE_STRICT_OBJC_MSGSEND = YES;
				ENABLE_TESTABILITY = YES;
				GCC_C_LANGUAGE_STANDARD = gnu99;
				GCC_DYNAMIC_NO_PIC = NO;
				GCC_NO_COMMON_BLOCKS = YES;
				GCC_OPTIMIZATION_LEVEL = 0;
				GCC_PREPROCESSOR_DEFINITIONS = (
					"DEBUG=1",
					"$(inherited)",
				);
				GCC_WARN_64_TO_32_BIT_CONVERSION = YES;
				GCC_WARN_ABOUT_RETURN_TYPE = YES_ERROR;
				GCC_WARN_UNDECLARED_SELECTOR = YES;
				GCC_WARN_UNINITIALIZED_AUTOS = YES_AGGRESSIVE;
				GCC_WARN_UNUSED_FUNCTION = YES;
				GCC_WARN_UNUSED_VARIABLE = YES;
				IPHONEOS_DEPLOYMENT_TARGET = 10.1;
				MTL_ENABLE_DEBUG_INFO = YES;
				ONLY_ACTIVE_ARCH = YES;
				SDKROOT = iphoneos;
			};
			name = Debug;
		};
		18E0099C1E28C46700ED2E04 /* Release */ = {
			isa = XCBuildConfiguration;
			buildSettings = {
				ALWAYS_SEARCH_USER_PATHS = NO;
				CLANG_ANALYZER_NONNULL = YES;
				CLANG_CXX_LANGUAGE_STANDARD = "gnu++0x";
				CLANG_CXX_LIBRARY = "libc++";
				CLANG_ENABLE_MODULES = YES;
				CLANG_ENABLE_OBJC_ARC = YES;
				CLANG_WARN_BOOL_CONVERSION = YES;
				CLANG_WARN_CONSTANT_CONVERSION = YES;
				CLANG_WARN_DIRECT_OBJC_ISA_USAGE = YES_ERROR;
				CLANG_WARN_DOCUMENTATION_COMMENTS = YES;
				CLANG_WARN_EMPTY_BODY = YES;
				CLANG_WARN_ENUM_CONVERSION = YES;
				CLANG_WARN_INFINITE_RECURSION = YES;
				CLANG_WARN_INT_CONVERSION = YES;
				CLANG_WARN_OBJC_ROOT_CLASS = YES_ERROR;
				CLANG_WARN_SUSPICIOUS_MOVES = YES;
				CLANG_WARN_UNREACHABLE_CODE = YES;
				CLANG_WARN__DUPLICATE_METHOD_MATCH = YES;
				"CODE_SIGN_IDENTITY[sdk=iphoneos*]" = "iPhone Developer";
				COPY_PHASE_STRIP = NO;
				DEBUG_INFORMATION_FORMAT = "dwarf-with-dsym";
				ENABLE_NS_ASSERTIONS = NO;
				ENABLE_STRICT_OBJC_MSGSEND = YES;
				GCC_C_LANGUAGE_STANDARD = gnu99;
				GCC_NO_COMMON_BLOCKS = YES;
				GCC_WARN_64_TO_32_BIT_CONVERSION = YES;
				GCC_WARN_ABOUT_RETURN_TYPE = YES_ERROR;
				GCC_WARN_UNDECLARED_SELECTOR = YES;
				GCC_WARN_UNINITIALIZED_AUTOS = YES_AGGRESSIVE;
				GCC_WARN_UNUSED_FUNCTION = YES;
				GCC_WARN_UNUSED_VARIABLE = YES;
				IPHONEOS_DEPLOYMENT_TARGET = 10.1;
				MTL_ENABLE_DEBUG_INFO = NO;
				SDKROOT = iphoneos;
				VALIDATE_PRODUCT = YES;
			};
			name = Release;
		};
		18E0099E1E28C46700ED2E04 /* Debug */ = {
			isa = XCBuildConfiguration;
			buildSettings = {
				ASSETCATALOG_COMPILER_APPICON_NAME = AppIcon;
				DEVELOPMENT_TEAM = KXPSJM648Q;
				INFOPLIST_FILE = CLZB/Info.plist;
				LD_RUNPATH_SEARCH_PATHS = "$(inherited) @executable_path/Frameworks";
				PRODUCT_BUNDLE_IDENTIFIER = com.charly.CLZB;
				PRODUCT_NAME = "$(TARGET_NAME)";
			};
			name = Debug;
		};
		18E0099F1E28C46700ED2E04 /* Release */ = {
			isa = XCBuildConfiguration;
			buildSettings = {
				ASSETCATALOG_COMPILER_APPICON_NAME = AppIcon;
				DEVELOPMENT_TEAM = KXPSJM648Q;
				INFOPLIST_FILE = CLZB/Info.plist;
				LD_RUNPATH_SEARCH_PATHS = "$(inherited) @executable_path/Frameworks";
				PRODUCT_BUNDLE_IDENTIFIER = com.charly.CLZB;
				PRODUCT_NAME = "$(TARGET_NAME)";
			};
			name = Release;
		};
/* End XCBuildConfiguration section */

/* Begin XCConfigurationList section */
		18E009811E28C46600ED2E04 /* Build configuration list for PBXProject "CLZB" */ = {
			isa = XCConfigurationList;
			buildConfigurations = (
				18E0099B1E28C46700ED2E04 /* Debug */,
				18E0099C1E28C46700ED2E04 /* Release */,
			);
			defaultConfigurationIsVisible = 0;
			defaultConfigurationName = Release;
		};
		18E0099D1E28C46700ED2E04 /* Build configuration list for PBXNativeTarget "CLZB" */ = {
			isa = XCConfigurationList;
			buildConfigurations = (
				18E0099E1E28C46700ED2E04 /* Debug */,
				18E0099F1E28C46700ED2E04 /* Release */,
			);
			defaultConfigurationIsVisible = 0;
		};
/* End XCConfigurationList section */
	};
	rootObject = 18E0097E1E28C46600ED2E04 /* Project object */;
}
